download_raw_data:
  cmd: python ../src/download_raw_data.py --url https://cloud.beuth-hochschule.de/index.php/s/P3g95HY68taz78g/download
    --path data --filename raw_data.csv --zip-filename raw_data.zip
  deps:
  - path: ../src/download_raw_data.py
    md5: 043da48f6b44089252a28509fb28262b
  outs:
  - path: data/raw_data.csv
    md5: 791e42335500c447273a7dc85f58239e
  - path: data/raw_data.zip
    md5: 4e3917d09590b0267e9a199f62d65f2c
validate_data:
  cmd: python ../src/validate_data.py --raw-data-csv data/raw_data.csv --validated-data-csv
    data/validated_data.csv
  deps:
  - path: ../src/validate_data.py
    md5: 5a0b91ed9423b89b288c6792a6e789e9
  - path: data/raw_data.csv
    md5: 791e42335500c447273a7dc85f58239e
  outs:
  - path: data/validated_data.csv
    md5: 2252a849269160870e126ca09a30fc65
split_data:
  cmd: python ../src/split_data.py --validated-data-csv data/validated_data.csv --train-csv
    data/train.csv --test-csv data/test.csv
  deps:
  - path: ../src/split_data.py
    md5: 6ec95fcb20c70e058a7ed7c1d462a8c4
  - path: data/validated_data.csv
    md5: 2252a849269160870e126ca09a30fc65
  params:
    params.yaml:
      split_data.random_state: 42
      split_data.test_size: 0.2
  outs:
  - path: data/test.csv
    md5: 565289d019ff4421df32e72d84e0cfd5
  - path: data/train.csv
    md5: 5e270587b6bf391aec867e041db808ac
train_keras:
  cmd: python ../src/kerasLSTM.py --train-data-csv data/train.csv --test-data-csv
    data/test.csv --model-name model.onnx
  deps:
  - path: ../src/kerasLSTM.py
    md5: cb38ac91556834a6a31347d4e9f10ec9
  - path: data/test.csv
    md5: 565289d019ff4421df32e72d84e0cfd5
  - path: data/train.csv
    md5: 5e270587b6bf391aec867e041db808ac
  params:
    params.yaml:
      train_keras.batch_size: 32
      train_keras.embed_size: 128
      train_keras.epochs: 1
      train_keras.max_features: 2000
      train_keras.max_len: 200
  outs:
  - path: metrics/metrics.json
    md5: 683148d788559c848762fa2e7b4669fd
  - path: metrics/prediction.csv
    md5: c18a0521ade97901aecb88410ac13a06
  - path: model/model.onnx
    md5: c1db3971f76dfa4574486a852fa8b9ad
